
Microsoft Visual Studio Solution File, Format Version 12.00
# Visual Studio Version 17
VisualStudioVersion = 17.1.32210.238
MinimumVisualStudioVersion = 10.0.40219.1
Project("{8BC9CEB8-8B4A-11D0-8D11-00A0C91BC942}") = "Project5", "Project5\Project5.vcxproj", "{AD914036-3F7A-481E-8047-4772BCD1EC73}"
EndProject
Global
	GlobalSection(SolutionConfigurationPlatforms) = preSolution
		Debug|x64 = Debug|x64
		Debug|x86 = Debug|x86
		Release|x64 = Release|x64
		Release|x86 = Release|x86
	EndGlobalSection
	GlobalSection(ProjectConfigurationPlatforms) = postSolution
		{AD914036-3F7A-481E-8047-4772BCD1EC73}.Debug|x64.ActiveCfg = Debug|x64
		{AD914036-3F7A-481E-8047-4772BCD1EC73}.Debug|x64.Build.0 = Debug|x64
		{AD914036-3F7A-481E-8047-4772BCD1EC73}.Debug|x86.ActiveCfg = Debug|Win32
		{AD914036-3F7A-481E-8047-4772BCD1EC73}.Debug|x86.Build.0 = Debug|Win32
		{AD914036-3F7A-481E-8047-4772BCD1EC73}.Release|x64.ActiveCfg = Release|x64
		{AD914036-3F7A-481E-8047-4772BCD1EC73}.Release|x64.Build.0 = Release|x64
		{AD914036-3F7A-481E-8047-4772BCD1EC73}.Release|x86.ActiveCfg = Release|Win32
		{AD914036-3F7A-481E-8047-4772BCD1EC73}.Release|x86.Build.0 = Release|Win32
	EndGlobalSection
	GlobalSection(SolutionProperties) = preSolution
		HideSolutionNode = FALSE
	EndGlobalSection
	GlobalSection(ExtensibilityGlobals) = postSolution
		SolutionGuid = {AB15963D-DD8C-4BE9-A4A1-72C7512F4F2C}
	EndGlobalSection
EndGlobal
